<?xml version="1.0" encoding="utf-8"?>
<Project ToolsVersion="4.0" xmlns="http://schemas.microsoft.com/developer/msbuild/2003">
  <ItemGroup>
    <Filter Include="Source Files">
      <UniqueIdentifier>{4FC737F1-C7A5-4376-A066-2A32D752A2FF}</UniqueIdentifier>
      <Extensions>cpp;c;cc;cxx;def;odl;idl;hpj;bat;asm;asmx</Extensions>
    </Filter>
    <Filter Include="Header Files">
      <UniqueIdentifier>{93995380-89BD-4b04-88EB-625FBE52EBFB}</UniqueIdentifier>
      <Extensions>h;hh;hpp;hxx;hm;inl;inc;ipp;xsd</Extensions>
    </Filter>
    <Filter Include="Resource Files">
      <UniqueIdentifier>{67DA6AB6-F800-4c08-8B7A-83BB121AAD01}</UniqueIdentifier>
      <Extensions>rc;ico;cur;bmp;dlg;rc2;rct;bin;rgs;gif;jpg;jpeg;jpe;resx;tiff;tif;png;wav;mfcribbon-ms</Extensions>
    </Filter>
    <Filter Include="ext">
      <UniqueIdentifier>{8afed9e3-30cb-49ab-9644-423338335a59}</UniqueIdentifier>
    </Filter>
    <Filter Include="ext\CppFlow">
      <UniqueIdentifier>{9706a0f7-2bc3-4d3b-913f-e9a21d1f039a}</UniqueIdentifier>
    </Filter>
  </ItemGroup>
  <ItemGroup>
    <ClInclude Include="EnglishPhoneticProcessor.h">
      <Filter>Header Files</Filter>
    </ClInclude>
    <ClInclude Include="FastSpeech2.h">
      <Filter>Header Files</Filter>
    </ClInclude>
    <ClInclude Include="MultiBandMelGAN.h">
      <Filter>Header Files</Filter>
    </ClInclude>
    <ClInclude Include="TextTokenizer.h">
      <Filter>Header Files</Filter>
    </ClInclude>
    <ClInclude Include="Voice.h">
      <Filter>Header Files</Filter>
    </ClInclude>
    <ClInclude Include="VoxCommon.hpp">
      <Filter>Header Files</Filter>
    </ClInclude>
    <ClInclude Include="ext\AudioFile.hpp">
      <Filter>ext</Filter>
    </ClInclude>
    <ClInclude Include="ext\ZCharScanner.h">
      <Filter>ext</Filter>
    </ClInclude>
    <ClInclude Include="ext\CppFlow\include\Model.h">
      <Filter>ext\CppFlow</Filter>
    </ClInclude>
    <ClInclude Include="ext\CppFlow\include\Tensor.h">
      <Filter>ext\CppFlow</Filter>
    </ClInclude>
    <ClInclude Include="phonemizer.h">
      <Filter>Header Files</Filter>
    </ClInclude>
    <ClInclude Include="tfg2p.h">
      <Filter>Header Files</Filter>
    </ClInclude>
  </ItemGroup>
  <ItemGroup>
    <ClCompile Include="TensorflowTTSCppInference.cpp">
      <Filter>Source Files</Filter>
    </ClCompile>
    <ClCompile Include="EnglishPhoneticProcessor.cpp">
      <Filter>Source Files</Filter>
    </ClCompile>
    <ClCompile Include="FastSpeech2.cpp">
      <Filter>Source Files</Filter>
    </ClCompile>
    <ClCompile Include="MultiBandMelGAN.cpp">
      <Filter>Source Files</Filter>
    </ClCompile>
    <ClCompile Include="TextTokenizer.cpp">
      <Filter>Source Files</Filter>
    </ClCompile>
    <ClCompile Include="Voice.cpp">
      <Filter>Source Files</Filter>
    </ClCompile>
    <ClCompile Include="VoxCommon.cpp">
      <Filter>Source Files</Filter>
    </ClCompile>
    <ClCompile Include="ext\ZCharScanner.cpp">
      <Filter>ext</Filter>
    </ClCompile>
    <ClCompile Include="ext\CppFlow\src\Model.cpp">
      <Filter>ext\CppFlow</Filter>
    </ClCompile>
    <ClCompile Include="ext\CppFlow\src\Tensor.cpp">
      <Filter>ext\CppFlow</Filter>
    </ClCompile>
    <ClCompile Include="phonemizer.cpp">
      <Filter>Source Files</Filter>
    </ClCompile>
    <ClCompile Include="tfg2p.cpp">
      <Filter>Source Files</Filter>
    </ClCompile>
  </ItemGroup>
</Project>